
Microsoft Visual Studio Solution File, Format Version 12.00
# Visual Studio Version 16
VisualStudioVersion = 16.0.28701.123
MinimumVisualStudioVersion = 10.0.40219.1
Project("{FAE04EC0-301F-11D3-BF4B-00C04F79EFBC}") = "WhatsAppSimHubPlugin", "WhatsAppSimHubPlugin.csproj", "{D3F8B8E1-4F7A-4B3D-9C2E-1A5F6E8D9B3C}"
EndProject
Global
	GlobalSection(SolutionConfigurationPlatforms) = preSolution
		Debug|Any CPU = Debug|Any CPU
		Release|Any CPU = Release|Any CPU
	EndGlobalSection
	GlobalSection(ProjectConfigurationPlatforms) = postSolution
		{D3F8B8E1-4F7A-4B3D-9C2E-1A5F6E8D9B3C}.Debug|Any CPU.ActiveCfg = Debug|Any CPU
		{D3F8B8E1-4F7A-4B3D-9C2E-1A5F6E8D9B3C}.Debug|Any CPU.Build.0 = Debug|Any CPU
		{D3F8B8E1-4F7A-4B3D-9C2E-1A5F6E8D9B3C}.Release|Any CPU.ActiveCfg = Release|Any CPU
		{D3F8B8E1-4F7A-4B3D-9C2E-1A5F6E8D9B3C}.Release|Any CPU.Build.0 = Release|Any CPU
	EndGlobalSection
	GlobalSection(SolutionProperties) = preSolution
		HideSolutionNode = FALSE
	EndGlobalSection
	GlobalSection(ExtensibilityGlobals) = postSolution
		SolutionGuid = {8A3F9B2C-4D5E-6F7A-8B9C-0D1E2F3A4B5C}
	EndGlobalSection
EndGlobal
